
Microsoft Visual Studio Solution File, Format Version 12.00
# Visual Studio Version 16
VisualStudioVersion = 16.0.29613.14
MinimumVisualStudioVersion = 10.0.40219.1
Project("{FAE04EC0-301F-11D3-BF4B-00C04F79EFBC}") = "SimpleFactory", "SimpleFactory\SimpleFactory.csproj", "{44F8618C-1474-41F9-93E1-8B9F2CF771FD}"
EndProject
Global
	GlobalSection(SolutionConfigurationPlatforms) = preSolution
		Debug|Any CPU = Debug|Any CPU
		Release|Any CPU = Release|Any CPU
	EndGlobalSection
	GlobalSection(ProjectConfigurationPlatforms) = postSolution
		{44F8618C-1474-41F9-93E1-8B9F2CF771FD}.Debug|Any CPU.ActiveCfg = Debug|Any CPU
		{44F8618C-1474-41F9-93E1-8B9F2CF771FD}.Debug|Any CPU.Build.0 = Debug|Any CPU
		{44F8618C-1474-41F9-93E1-8B9F2CF771FD}.Release|Any CPU.ActiveCfg = Release|Any CPU
		{44F8618C-1474-41F9-93E1-8B9F2CF771FD}.Release|Any CPU.Build.0 = Release|Any CPU
	EndGlobalSection
	GlobalSection(SolutionProperties) = preSolution
		HideSolutionNode = FALSE
	EndGlobalSection
	GlobalSection(ExtensibilityGlobals) = postSolution
		SolutionGuid = {81E10481-E5D9-470A-8827-5BE06950951F}
	EndGlobalSection
EndGlobal
